
Microsoft Visual Studio Solution File, Format Version 12.00
# Visual Studio Version 16
VisualStudioVersion = 16.0.30907.101
MinimumVisualStudioVersion = 10.0.40219.1
Project("{FAE04EC0-301F-11D3-BF4B-00C04F79EFBC}") = "RecruitCatSameemz", "RecruitCatSameemz\RecruitCatSameemz.csproj", "{F21AC39F-05D5-4BDB-B864-4FE6591CAB24}"
EndProject
Global
	GlobalSection(SolutionConfigurationPlatforms) = preSolution
		Debug|Any CPU = Debug|Any CPU
		Release|Any CPU = Release|Any CPU
	EndGlobalSection
	GlobalSection(ProjectConfigurationPlatforms) = postSolution
		{F21AC39F-05D5-4BDB-B864-4FE6591CAB24}.Debug|Any CPU.ActiveCfg = Debug|Any CPU
		{F21AC39F-05D5-4BDB-B864-4FE6591CAB24}.Debug|Any CPU.Build.0 = Debug|Any CPU
		{F21AC39F-05D5-4BDB-B864-4FE6591CAB24}.Release|Any CPU.ActiveCfg = Release|Any CPU
		{F21AC39F-05D5-4BDB-B864-4FE6591CAB24}.Release|Any CPU.Build.0 = Release|Any CPU
	EndGlobalSection
	GlobalSection(SolutionProperties) = preSolution
		HideSolutionNode = FALSE
	EndGlobalSection
	GlobalSection(ExtensibilityGlobals) = postSolution
		SolutionGuid = {4F426278-555E-420C-A948-FF79A817014A}
	EndGlobalSection
EndGlobal
